// !$*UTF8*$!
{
	archiveVersion = 1;
	classes = {
	};
	objectVersion = 55;
	objects = {

/* Begin PBXBuildFile section */
		95814206280C0479002746FD /* LaunchesTableViewCell.swift in Sources */ = {isa = PBXBuildFile; fileRef = 95814204280C0479002746FD /* LaunchesTableViewCell.swift */; };
		95814207280C0479002746FD /* LaunchesTableViewCell.xib in Resources */ = {isa = PBXBuildFile; fileRef = 95814205280C0479002746FD /* LaunchesTableViewCell.xib */; };
		9585243F27F8B77A000AD1B3 /* TitleTableViewCell.swift in Sources */ = {isa = PBXBuildFile; fileRef = 9585243D27F8B77A000AD1B3 /* TitleTableViewCell.swift */; };
		9585244027F8B77A000AD1B3 /* TitleTableViewCell.xib in Resources */ = {isa = PBXBuildFile; fileRef = 9585243E27F8B77A000AD1B3 /* TitleTableViewCell.xib */; };
		958A3590280DA84D00BA3F79 /* LaunchesViewController.swift in Sources */ = {isa = PBXBuildFile; fileRef = 958A358F280DA84D00BA3F79 /* LaunchesViewController.swift */; };
		958ED5F827F710E1003B3A4F /* AppDelegate.swift in Sources */ = {isa = PBXBuildFile; fileRef = 958ED5F727F710E1003B3A4F /* AppDelegate.swift */; };
		958ED5FA27F710E1003B3A4F /* SceneDelegate.swift in Sources */ = {isa = PBXBuildFile; fileRef = 958ED5F927F710E1003B3A4F /* SceneDelegate.swift */; };
		958ED5FC27F710E1003B3A4F /* ViewController.swift in Sources */ = {isa = PBXBuildFile; fileRef = 958ED5FB27F710E1003B3A4F /* ViewController.swift */; };
		958ED60127F710E2003B3A4F /* Assets.xcassets in Resources */ = {isa = PBXBuildFile; fileRef = 958ED60027F710E2003B3A4F /* Assets.xcassets */; };
		958ED60427F710E2003B3A4F /* LaunchScreen.storyboard in Resources */ = {isa = PBXBuildFile; fileRef = 958ED60227F710E2003B3A4F /* LaunchScreen.storyboard */; };
		958ED60C27F716FE003B3A4F /* StretchyHeader.swift in Sources */ = {isa = PBXBuildFile; fileRef = 958ED60B27F716FE003B3A4F /* StretchyHeader.swift */; };
		959054EA27FF3D4B0090BD93 /* SettingsViewController.swift in Sources */ = {isa = PBXBuildFile; fileRef = 959054E927FF3D4B0090BD93 /* SettingsViewController.swift */; };
		95910C82280807B80097EE06 /* PageViewController.swift in Sources */ = {isa = PBXBuildFile; fileRef = 95910C81280807B80097EE06 /* PageViewController.swift */; };
		959346FB27F9E1540011D108 /* RocketInfoTableViewCell.swift in Sources */ = {isa = PBXBuildFile; fileRef = 959346F927F9E1540011D108 /* RocketInfoTableViewCell.swift */; };
		959346FC27F9E1540011D108 /* RocketInfoTableViewCell.xib in Resources */ = {isa = PBXBuildFile; fileRef = 959346FA27F9E1540011D108 /* RocketInfoTableViewCell.xib */; };
		959346FF27F9F5630011D108 /* ButtonLaunchesTableViewCell.swift in Sources */ = {isa = PBXBuildFile; fileRef = 959346FD27F9F5630011D108 /* ButtonLaunchesTableViewCell.swift */; };
		9593470027F9F5630011D108 /* ButtonLaunchesTableViewCell.xib in Resources */ = {isa = PBXBuildFile; fileRef = 959346FE27F9F5630011D108 /* ButtonLaunchesTableViewCell.xib */; };
		9594C57427FC759000B810F0 /* NetworkService.swift in Sources */ = {isa = PBXBuildFile; fileRef = 9594C57327FC759000B810F0 /* NetworkService.swift */; };
		9596E3D8280EA87700E9C3EE /* TonAndSecTableViewCell.swift in Sources */ = {isa = PBXBuildFile; fileRef = 9596E3D6280EA87700E9C3EE /* TonAndSecTableViewCell.swift */; };
		9596E3D9280EA87700E9C3EE /* TonAndSecTableViewCell.xib in Resources */ = {isa = PBXBuildFile; fileRef = 9596E3D7280EA87700E9C3EE /* TonAndSecTableViewCell.xib */; };
		9596E3DB280EB90800E9C3EE /* Int+Extension.swift in Sources */ = {isa = PBXBuildFile; fileRef = 9596E3DA280EB90800E9C3EE /* Int+Extension.swift */; };
		9597384627F972BD00D2794E /* CollectionViewInCell.swift in Sources */ = {isa = PBXBuildFile; fileRef = 9597384427F972BD00D2794E /* CollectionViewInCell.swift */; };
		9597384727F972BD00D2794E /* CollectionViewInCell.xib in Resources */ = {isa = PBXBuildFile; fileRef = 9597384527F972BD00D2794E /* CollectionViewInCell.xib */; };
		9597384C27F974E100D2794E /* RoundedRectCollectionViewCell.swift in Sources */ = {isa = PBXBuildFile; fileRef = 9597384A27F974E100D2794E /* RoundedRectCollectionViewCell.swift */; };
		9597384D27F974E100D2794E /* RoundedRectCollectionViewCell.xib in Resources */ = {isa = PBXBuildFile; fileRef = 9597384B27F974E100D2794E /* RoundedRectCollectionViewCell.xib */; };
		95A00AA12832B69B00B42847 /* Measure.swift in Sources */ = {isa = PBXBuildFile; fileRef = 95A00AA02832B69B00B42847 /* Measure.swift */; };
		95A0AAEB28337CEF00465740 /* Unit.swift in Sources */ = {isa = PBXBuildFile; fileRef = 95A0AAEA28337CEF00465740 /* Unit.swift */; };
		95A0AAED2833888100465740 /* UIColor+Extension.swift in Sources */ = {isa = PBXBuildFile; fileRef = 95A0AAEC2833888100465740 /* UIColor+Extension.swift */; };
		95A3CA9428327E9E00B6FA87 /* HeaderForSection.swift in Sources */ = {isa = PBXBuildFile; fileRef = 95A3CA9328327E9E00B6FA87 /* HeaderForSection.swift */; };
		95A3CA962832885F00B6FA87 /* ViewController+Extension.swift in Sources */ = {isa = PBXBuildFile; fileRef = 95A3CA952832885F00B6FA87 /* ViewController+Extension.swift */; };
		95A3CA9828328A7500B6FA87 /* UITableView+Extension.swift in Sources */ = {isa = PBXBuildFile; fileRef = 95A3CA9728328A7500B6FA87 /* UITableView+Extension.swift */; };
		95C0866C280C238700B1DB71 /* Launch.swift in Sources */ = {isa = PBXBuildFile; fileRef = 95C0866B280C238700B1DB71 /* Launch.swift */; };
		95C08671280CAC6000B1DB71 /* LabGrotesque-Medium.ttf in Resources */ = {isa = PBXBuildFile; fileRef = 95C08670280CAB9600B1DB71 /* LabGrotesque-Medium.ttf */; };
		95C08673280CAC8400B1DB71 /* LabGrotesque-Regular.ttf in Resources */ = {isa = PBXBuildFile; fileRef = 95C08672280CAC8400B1DB71 /* LabGrotesque-Regular.ttf */; };
		95C08677280CACD000B1DB71 /* LabGrotesque-Bold.ttf in Resources */ = {isa = PBXBuildFile; fileRef = 95C08676280CACD000B1DB71 /* LabGrotesque-Bold.ttf */; };
		95FF02D727FC2D2500220AF2 /* Rocket.swift in Sources */ = {isa = PBXBuildFile; fileRef = 95FF02D627FC2D2500220AF2 /* Rocket.swift */; };
/* End PBXBuildFile section */

/* Begin PBXFileReference section */
		95814204280C0479002746FD /* LaunchesTableViewCell.swift */ = {isa = PBXFileReference; lastKnownFileType = sourcecode.swift; path = LaunchesTableViewCell.swift; sourceTree = "<group>"; };
		95814205280C0479002746FD /* LaunchesTableViewCell.xib */ = {isa = PBXFileReference; lastKnownFileType = file.xib; path = LaunchesTableViewCell.xib; sourceTree = "<group>"; };
		9585243D27F8B77A000AD1B3 /* TitleTableViewCell.swift */ = {isa = PBXFileReference; lastKnownFileType = sourcecode.swift; path = TitleTableViewCell.swift; sourceTree = "<group>"; };
		9585243E27F8B77A000AD1B3 /* TitleTableViewCell.xib */ = {isa = PBXFileReference; lastKnownFileType = file.xib; path = TitleTableViewCell.xib; sourceTree = "<group>"; };
		958A358F280DA84D00BA3F79 /* LaunchesViewController.swift */ = {isa = PBXFileReference; lastKnownFileType = sourcecode.swift; path = LaunchesViewController.swift; sourceTree = "<group>"; };
		958ED5F427F710E1003B3A4F /* spaceXapp.app */ = {isa = PBXFileReference; explicitFileType = wrapper.application; includeInIndex = 0; path = spaceXapp.app; sourceTree = BUILT_PRODUCTS_DIR; };
		958ED5F727F710E1003B3A4F /* AppDelegate.swift */ = {isa = PBXFileReference; lastKnownFileType = sourcecode.swift; path = AppDelegate.swift; sourceTree = "<group>"; };
		958ED5F927F710E1003B3A4F /* SceneDelegate.swift */ = {isa = PBXFileReference; lastKnownFileType = sourcecode.swift; path = SceneDelegate.swift; sourceTree = "<group>"; };
		958ED5FB27F710E1003B3A4F /* ViewController.swift */ = {isa = PBXFileReference; lastKnownFileType = sourcecode.swift; path = ViewController.swift; sourceTree = "<group>"; };
		958ED60027F710E2003B3A4F /* Assets.xcassets */ = {isa = PBXFileReference; lastKnownFileType = folder.assetcatalog; path = Assets.xcassets; sourceTree = "<group>"; };
		958ED60327F710E2003B3A4F /* Base */ = {isa = PBXFileReference; lastKnownFileType = file.storyboard; name = Base; path = Base.lproj/LaunchScreen.storyboard; sourceTree = "<group>"; };
		958ED60527F710E2003B3A4F /* Info.plist */ = {isa = PBXFileReference; lastKnownFileType = text.plist.xml; path = Info.plist; sourceTree = "<group>"; };
		958ED60B27F716FE003B3A4F /* StretchyHeader.swift */ = {isa = PBXFileReference; lastKnownFileType = sourcecode.swift; path = StretchyHeader.swift; sourceTree = "<group>"; };
		959054E927FF3D4B0090BD93 /* SettingsViewController.swift */ = {isa = PBXFileReference; lastKnownFileType = sourcecode.swift; path = SettingsViewController.swift; sourceTree = "<group>"; };
		95910C81280807B80097EE06 /* PageViewController.swift */ = {isa = PBXFileReference; lastKnownFileType = sourcecode.swift; path = PageViewController.swift; sourceTree = "<group>"; };
		959346F927F9E1540011D108 /* RocketInfoTableViewCell.swift */ = {isa = PBXFileReference; lastKnownFileType = sourcecode.swift; path = RocketInfoTableViewCell.swift; sourceTree = "<group>"; };
		959346FA27F9E1540011D108 /* RocketInfoTableViewCell.xib */ = {isa = PBXFileReference; lastKnownFileType = file.xib; path = RocketInfoTableViewCell.xib; sourceTree = "<group>"; };
		959346FD27F9F5630011D108 /* ButtonLaunchesTableViewCell.swift */ = {isa = PBXFileReference; lastKnownFileType = sourcecode.swift; path = ButtonLaunchesTableViewCell.swift; sourceTree = "<group>"; };
		959346FE27F9F5630011D108 /* ButtonLaunchesTableViewCell.xib */ = {isa = PBXFileReference; lastKnownFileType = file.xib; path = ButtonLaunchesTableViewCell.xib; sourceTree = "<group>"; };
		9594C57327FC759000B810F0 /* NetworkService.swift */ = {isa = PBXFileReference; lastKnownFileType = sourcecode.swift; path = NetworkService.swift; sourceTree = "<group>"; };
		9596E3D6280EA87700E9C3EE /* TonAndSecTableViewCell.swift */ = {isa = PBXFileReference; lastKnownFileType = sourcecode.swift; path = TonAndSecTableViewCell.swift; sourceTree = "<group>"; };
		9596E3D7280EA87700E9C3EE /* TonAndSecTableViewCell.xib */ = {isa = PBXFileReference; lastKnownFileType = file.xib; path = TonAndSecTableViewCell.xib; sourceTree = "<group>"; };
		9596E3DA280EB90800E9C3EE /* Int+Extension.swift */ = {isa = PBXFileReference; lastKnownFileType = sourcecode.swift; path = "Int+Extension.swift"; sourceTree = "<group>"; };
		9597384427F972BD00D2794E /* CollectionViewInCell.swift */ = {isa = PBXFileReference; lastKnownFileType = sourcecode.swift; path = CollectionViewInCell.swift; sourceTree = "<group>"; };
		9597384527F972BD00D2794E /* CollectionViewInCell.xib */ = {isa = PBXFileReference; lastKnownFileType = file.xib; path = CollectionViewInCell.xib; sourceTree = "<group>"; };
		9597384A27F974E100D2794E /* RoundedRectCollectionViewCell.swift */ = {isa = PBXFileReference; lastKnownFileType = sourcecode.swift; path = RoundedRectCollectionViewCell.swift; sourceTree = "<group>"; };
		9597384B27F974E100D2794E /* RoundedRectCollectionViewCell.xib */ = {isa = PBXFileReference; lastKnownFileType = file.xib; path = RoundedRectCollectionViewCell.xib; sourceTree = "<group>"; };
		95A00AA02832B69B00B42847 /* Measure.swift */ = {isa = PBXFileReference; lastKnownFileType = sourcecode.swift; path = Measure.swift; sourceTree = "<group>"; };
		95A0AAEA28337CEF00465740 /* Unit.swift */ = {isa = PBXFileReference; lastKnownFileType = sourcecode.swift; path = Unit.swift; sourceTree = "<group>"; };
		95A0AAEC2833888100465740 /* UIColor+Extension.swift */ = {isa = PBXFileReference; lastKnownFileType = sourcecode.swift; path = "UIColor+Extension.swift"; sourceTree = "<group>"; };
		95A3CA9328327E9E00B6FA87 /* HeaderForSection.swift */ = {isa = PBXFileReference; lastKnownFileType = sourcecode.swift; path = HeaderForSection.swift; sourceTree = "<group>"; };
		95A3CA952832885F00B6FA87 /* ViewController+Extension.swift */ = {isa = PBXFileReference; lastKnownFileType = sourcecode.swift; path = "ViewController+Extension.swift"; sourceTree = "<group>"; };
		95A3CA9728328A7500B6FA87 /* UITableView+Extension.swift */ = {isa = PBXFileReference; lastKnownFileType = sourcecode.swift; path = "UITableView+Extension.swift"; sourceTree = "<group>"; };
		95C0866B280C238700B1DB71 /* Launch.swift */ = {isa = PBXFileReference; lastKnownFileType = sourcecode.swift; path = Launch.swift; sourceTree = "<group>"; };
		95C08670280CAB9600B1DB71 /* LabGrotesque-Medium.ttf */ = {isa = PBXFileReference; lastKnownFileType = file; path = "LabGrotesque-Medium.ttf"; sourceTree = "<group>"; };
		95C08672280CAC8400B1DB71 /* LabGrotesque-Regular.ttf */ = {isa = PBXFileReference; lastKnownFileType = file; path = "LabGrotesque-Regular.ttf"; sourceTree = "<group>"; };
		95C08676280CACD000B1DB71 /* LabGrotesque-Bold.ttf */ = {isa = PBXFileReference; lastKnownFileType = file; path = "LabGrotesque-Bold.ttf"; sourceTree = "<group>"; };
		95FF02D627FC2D2500220AF2 /* Rocket.swift */ = {isa = PBXFileReference; lastKnownFileType = sourcecode.swift; path = Rocket.swift; sourceTree = "<group>"; };
/* End PBXFileReference section */

/* Begin PBXFrameworksBuildPhase section */
		958ED5F127F710E1003B3A4F /* Frameworks */ = {
			isa = PBXFrameworksBuildPhase;
			buildActionMask = 2147483647;
			files = (
			);
			runOnlyForDeploymentPostprocessing = 0;
		};
/* End PBXFrameworksBuildPhase section */

/* Begin PBXGroup section */
		958141FE280BFF7F002746FD /* Controllers */ = {
			isa = PBXGroup;
			children = (
				95910C81280807B80097EE06 /* PageViewController.swift */,
				958ED5FB27F710E1003B3A4F /* ViewController.swift */,
				959054E927FF3D4B0090BD93 /* SettingsViewController.swift */,
				958A358F280DA84D00BA3F79 /* LaunchesViewController.swift */,
			);
			path = Controllers;
			sourceTree = "<group>";
		};
		958141FF280BFFA9002746FD /* Extensions */ = {
			isa = PBXGroup;
			children = (
				9596E3DA280EB90800E9C3EE /* Int+Extension.swift */,
				95A3CA952832885F00B6FA87 /* ViewController+Extension.swift */,
				95A3CA9728328A7500B6FA87 /* UITableView+Extension.swift */,
				95A0AAEC2833888100465740 /* UIColor+Extension.swift */,
			);
			path = Extensions;
			sourceTree = "<group>";
		};
		9585243A27F8B712000AD1B3 /* View */ = {
			isa = PBXGroup;
			children = (
				9597384827F9746C00D2794E /* tableVIewCells */,
				9597384927F9748600D2794E /* collectionViewCells */,
				958ED60B27F716FE003B3A4F /* StretchyHeader.swift */,
				95A3CA9328327E9E00B6FA87 /* HeaderForSection.swift */,
			);
			path = View;
			sourceTree = "<group>";
		};
		958ED5EB27F710E1003B3A4F = {
			isa = PBXGroup;
			children = (
				958ED5F627F710E1003B3A4F /* spaceXapp */,
				958ED5F527F710E1003B3A4F /* Products */,
			);
			sourceTree = "<group>";
		};
		958ED5F527F710E1003B3A4F /* Products */ = {
			isa = PBXGroup;
			children = (
				958ED5F427F710E1003B3A4F /* spaceXapp.app */,
			);
			name = Products;
			sourceTree = "<group>";
		};
		958ED5F627F710E1003B3A4F /* spaceXapp */ = {
			isa = PBXGroup;
			children = (
				95C0866F280CAB7B00B1DB71 /* fonts */,
				958141FF280BFFA9002746FD /* Extensions */,
				9594C57227FC757B00B810F0 /* NetworkService */,
				95FF02D527FC2D0C00220AF2 /* Model */,
				9585243A27F8B712000AD1B3 /* View */,
				958141FE280BFF7F002746FD /* Controllers */,
				9596E3DC280EC15700E9C3EE /* Other */,
				958ED60027F710E2003B3A4F /* Assets.xcassets */,
				958ED60527F710E2003B3A4F /* Info.plist */,
			);
			path = spaceXapp;
			sourceTree = "<group>";
		};
		9594C57227FC757B00B810F0 /* NetworkService */ = {
			isa = PBXGroup;
			children = (
				9594C57327FC759000B810F0 /* NetworkService.swift */,
			);
			path = NetworkService;
			sourceTree = "<group>";
		};
		9596E3DC280EC15700E9C3EE /* Other */ = {
			isa = PBXGroup;
			children = (
				958ED60227F710E2003B3A4F /* LaunchScreen.storyboard */,
				958ED5F727F710E1003B3A4F /* AppDelegate.swift */,
				958ED5F927F710E1003B3A4F /* SceneDelegate.swift */,
			);
			path = Other;
			sourceTree = "<group>";
		};
		9597384827F9746C00D2794E /* tableVIewCells */ = {
			isa = PBXGroup;
			children = (
				9597384527F972BD00D2794E /* CollectionViewInCell.xib */,
				9597384427F972BD00D2794E /* CollectionViewInCell.swift */,
				9585243E27F8B77A000AD1B3 /* TitleTableViewCell.xib */,
				9585243D27F8B77A000AD1B3 /* TitleTableViewCell.swift */,
				959346FA27F9E1540011D108 /* RocketInfoTableViewCell.xib */,
				959346F927F9E1540011D108 /* RocketInfoTableViewCell.swift */,
				959346FE27F9F5630011D108 /* ButtonLaunchesTableViewCell.xib */,
				959346FD27F9F5630011D108 /* ButtonLaunchesTableViewCell.swift */,
				95814205280C0479002746FD /* LaunchesTableViewCell.xib */,
				95814204280C0479002746FD /* LaunchesTableViewCell.swift */,
				9596E3D7280EA87700E9C3EE /* TonAndSecTableViewCell.xib */,
				9596E3D6280EA87700E9C3EE /* TonAndSecTableViewCell.swift */,
			);
			path = tableVIewCells;
			sourceTree = "<group>";
		};
		9597384927F9748600D2794E /* collectionViewCells */ = {
			isa = PBXGroup;
			children = (
				9597384A27F974E100D2794E /* RoundedRectCollectionViewCell.swift */,
				9597384B27F974E100D2794E /* RoundedRectCollectionViewCell.xib */,
			);
			path = collectionViewCells;
			sourceTree = "<group>";
		};
		95C0866F280CAB7B00B1DB71 /* fonts */ = {
			isa = PBXGroup;
			children = (
				95C08672280CAC8400B1DB71 /* LabGrotesque-Regular.ttf */,
				95C08670280CAB9600B1DB71 /* LabGrotesque-Medium.ttf */,
				95C08676280CACD000B1DB71 /* LabGrotesque-Bold.ttf */,
			);
			path = fonts;
			sourceTree = "<group>";
		};
		95FF02D527FC2D0C00220AF2 /* Model */ = {
			isa = PBXGroup;
			children = (
				95FF02D627FC2D2500220AF2 /* Rocket.swift */,
				95C0866B280C238700B1DB71 /* Launch.swift */,
				95A00AA02832B69B00B42847 /* Measure.swift */,
				95A0AAEA28337CEF00465740 /* Unit.swift */,
			);
			path = Model;
			sourceTree = "<group>";
		};
/* End PBXGroup section */

/* Begin PBXNativeTarget section */
		958ED5F327F710E1003B3A4F /* spaceXapp */ = {
			isa = PBXNativeTarget;
			buildConfigurationList = 958ED60827F710E2003B3A4F /* Build configuration list for PBXNativeTarget "spaceXapp" */;
			buildPhases = (
				958ED5F027F710E1003B3A4F /* Sources */,
				958ED5F127F710E1003B3A4F /* Frameworks */,
				958ED5F227F710E1003B3A4F /* Resources */,
			);
			buildRules = (
			);
			dependencies = (
			);
			name = spaceXapp;
			productName = spaceXapp;
			productReference = 958ED5F427F710E1003B3A4F /* spaceXapp.app */;
			productType = "com.apple.product-type.application";
		};
/* End PBXNativeTarget section */

/* Begin PBXProject section */
		958ED5EC27F710E1003B3A4F /* Project object */ = {
			isa = PBXProject;
			attributes = {
				BuildIndependentTargetsInParallel = 1;
				LastSwiftUpdateCheck = 1320;
				LastUpgradeCheck = 1320;
				TargetAttributes = {
					958ED5F327F710E1003B3A4F = {
						CreatedOnToolsVersion = 13.2.1;
					};
				};
			};
			buildConfigurationList = 958ED5EF27F710E1003B3A4F /* Build configuration list for PBXProject "spaceXapp" */;
			compatibilityVersion = "Xcode 13.0";
			developmentRegion = en;
			hasScannedForEncodings = 0;
			knownRegions = (
				en,
				Base,
			);
			mainGroup = 958ED5EB27F710E1003B3A4F;
			productRefGroup = 958ED5F527F710E1003B3A4F /* Products */;
			projectDirPath = "";
			projectRoot = "";
			targets = (
				958ED5F327F710E1003B3A4F /* spaceXapp */,
			);
		};
/* End PBXProject section */

/* Begin PBXResourcesBuildPhase section */
		958ED5F227F710E1003B3A4F /* Resources */ = {
			isa = PBXResourcesBuildPhase;
			buildActionMask = 2147483647;
			files = (
				95814207280C0479002746FD /* LaunchesTableViewCell.xib in Resources */,
				95C08677280CACD000B1DB71 /* LabGrotesque-Bold.ttf in Resources */,
				959346FC27F9E1540011D108 /* RocketInfoTableViewCell.xib in Resources */,
				9597384727F972BD00D2794E /* CollectionViewInCell.xib in Resources */,
				9585244027F8B77A000AD1B3 /* TitleTableViewCell.xib in Resources */,
				9597384D27F974E100D2794E /* RoundedRectCollectionViewCell.xib in Resources */,
				958ED60427F710E2003B3A4F /* LaunchScreen.storyboard in Resources */,
				95C08671280CAC6000B1DB71 /* LabGrotesque-Medium.ttf in Resources */,
				95C08673280CAC8400B1DB71 /* LabGrotesque-Regular.ttf in Resources */,
				9596E3D9280EA87700E9C3EE /* TonAndSecTableViewCell.xib in Resources */,
				958ED60127F710E2003B3A4F /* Assets.xcassets in Resources */,
				9593470027F9F5630011D108 /* ButtonLaunchesTableViewCell.xib in Resources */,
			);
			runOnlyForDeploymentPostprocessing = 0;
		};
/* End PBXResourcesBuildPhase section */

/* Begin PBXSourcesBuildPhase section */
		958ED5F027F710E1003B3A4F /* Sources */ = {
			isa = PBXSourcesBuildPhase;
			buildActionMask = 2147483647;
			files = (
				95A3CA9428327E9E00B6FA87 /* HeaderForSection.swift in Sources */,
				959346FF27F9F5630011D108 /* ButtonLaunchesTableViewCell.swift in Sources */,
				9597384627F972BD00D2794E /* CollectionViewInCell.swift in Sources */,
				958ED5FC27F710E1003B3A4F /* ViewController.swift in Sources */,
				95A00AA12832B69B00B42847 /* Measure.swift in Sources */,
				958ED5F827F710E1003B3A4F /* AppDelegate.swift in Sources */,
				958ED60C27F716FE003B3A4F /* StretchyHeader.swift in Sources */,
				9597384C27F974E100D2794E /* RoundedRectCollectionViewCell.swift in Sources */,
				95814206280C0479002746FD /* LaunchesTableViewCell.swift in Sources */,
				95A3CA962832885F00B6FA87 /* ViewController+Extension.swift in Sources */,
				95910C82280807B80097EE06 /* PageViewController.swift in Sources */,
				959346FB27F9E1540011D108 /* RocketInfoTableViewCell.swift in Sources */,
				95C0866C280C238700B1DB71 /* Launch.swift in Sources */,
				9585243F27F8B77A000AD1B3 /* TitleTableViewCell.swift in Sources */,
				95A0AAEB28337CEF00465740 /* Unit.swift in Sources */,
				95A0AAED2833888100465740 /* UIColor+Extension.swift in Sources */,
				958ED5FA27F710E1003B3A4F /* SceneDelegate.swift in Sources */,
				959054EA27FF3D4B0090BD93 /* SettingsViewController.swift in Sources */,
				9596E3DB280EB90800E9C3EE /* Int+Extension.swift in Sources */,
				9594C57427FC759000B810F0 /* NetworkService.swift in Sources */,
				958A3590280DA84D00BA3F79 /* LaunchesViewController.swift in Sources */,
				95A3CA9828328A7500B6FA87 /* UITableView+Extension.swift in Sources */,
				9596E3D8280EA87700E9C3EE /* TonAndSecTableViewCell.swift in Sources */,
				95FF02D727FC2D2500220AF2 /* Rocket.swift in Sources */,
			);
			runOnlyForDeploymentPostprocessing = 0;
		};
/* End PBXSourcesBuildPhase section */

/* Begin PBXVariantGroup section */
		958ED60227F710E2003B3A4F /* LaunchScreen.storyboard */ = {
			isa = PBXVariantGroup;
			children = (
				958ED60327F710E2003B3A4F /* Base */,
			);
			name = LaunchScreen.storyboard;
			sourceTree = "<group>";
		};
/* End PBXVariantGroup section */

/* Begin XCBuildConfiguration section */
		958ED60627F710E2003B3A4F /* Debug */ = {
			isa = XCBuildConfiguration;
			buildSettings = {
				ALWAYS_SEARCH_USER_PATHS = NO;
				CLANG_ANALYZER_NONNULL = YES;
				CLANG_ANALYZER_NUMBER_OBJECT_CONVERSION = YES_AGGRESSIVE;
				CLANG_CXX_LANGUAGE_STANDARD = "gnu++17";
				CLANG_CXX_LIBRARY = "libc++";
				CLANG_ENABLE_MODULES = YES;
				CLANG_ENABLE_OBJC_ARC = YES;
				CLANG_ENABLE_OBJC_WEAK = YES;
				CLANG_WARN_BLOCK_CAPTURE_AUTORELEASING = YES;
				CLANG_WARN_BOOL_CONVERSION = YES;
				CLANG_WARN_COMMA = YES;
				CLANG_WARN_CONSTANT_CONVERSION = YES;
				CLANG_WARN_DEPRECATED_OBJC_IMPLEMENTATIONS = YES;
				CLANG_WARN_DIRECT_OBJC_ISA_USAGE = YES_ERROR;
				CLANG_WARN_DOCUMENTATION_COMMENTS = YES;
				CLANG_WARN_EMPTY_BODY = YES;
				CLANG_WARN_ENUM_CONVERSION = YES;
				CLANG_WARN_INFINITE_RECURSION = YES;
				CLANG_WARN_INT_CONVERSION = YES;
				CLANG_WARN_NON_LITERAL_NULL_CONVERSION = YES;
				CLANG_WARN_OBJC_IMPLICIT_RETAIN_SELF = YES;
				CLANG_WARN_OBJC_LITERAL_CONVERSION = YES;
				CLANG_WARN_OBJC_ROOT_CLASS = YES_ERROR;
				CLANG_WARN_QUOTED_INCLUDE_IN_FRAMEWORK_HEADER = YES;
				CLANG_WARN_RANGE_LOOP_ANALYSIS = YES;
				CLANG_WARN_STRICT_PROTOTYPES = YES;
				CLANG_WARN_SUSPICIOUS_MOVE = YES;
				CLANG_WARN_UNGUARDED_AVAILABILITY = YES_AGGRESSIVE;
				CLANG_WARN_UNREACHABLE_CODE = YES;
				CLANG_WARN__DUPLICATE_METHOD_MATCH = YES;
				COPY_PHASE_STRIP = NO;
				DEBUG_INFORMATION_FORMAT = dwarf;
				ENABLE_STRICT_OBJC_MSGSEND = YES;
				ENABLE_TESTABILITY = YES;
				GCC_C_LANGUAGE_STANDARD = gnu11;
				GCC_DYNAMIC_NO_PIC = NO;
				GCC_NO_COMMON_BLOCKS = YES;
				GCC_OPTIMIZATION_LEVEL = 0;
				GCC_PREPROCESSOR_DEFINITIONS = (
					"DEBUG=1",
					"$(inherited)",
				);
				GCC_WARN_64_TO_32_BIT_CONVERSION = YES;
				GCC_WARN_ABOUT_RETURN_TYPE = YES_ERROR;
				GCC_WARN_UNDECLARED_SELECTOR = YES;
				GCC_WARN_UNINITIALIZED_AUTOS = YES_AGGRESSIVE;
				GCC_WARN_UNUSED_FUNCTION = YES;
				GCC_WARN_UNUSED_VARIABLE = YES;
				IPHONEOS_DEPLOYMENT_TARGET = 15.2;
				MTL_ENABLE_DEBUG_INFO = INCLUDE_SOURCE;
				MTL_FAST_MATH = YES;
				ONLY_ACTIVE_ARCH = YES;
				SDKROOT = iphoneos;
				SWIFT_ACTIVE_COMPILATION_CONDITIONS = DEBUG;
				SWIFT_OPTIMIZATION_LEVEL = "-Onone";
			};
			name = Debug;
		};
		958ED60727F710E2003B3A4F /* Release */ = {
			isa = XCBuildConfiguration;
			buildSettings = {
				ALWAYS_SEARCH_USER_PATHS = NO;
				CLANG_ANALYZER_NONNULL = YES;
				CLANG_ANALYZER_NUMBER_OBJECT_CONVERSION = YES_AGGRESSIVE;
				CLANG_CXX_LANGUAGE_STANDARD = "gnu++17";
				CLANG_CXX_LIBRARY = "libc++";
				CLANG_ENABLE_MODULES = YES;
				CLANG_ENABLE_OBJC_ARC = YES;
				CLANG_ENABLE_OBJC_WEAK = YES;
				CLANG_WARN_BLOCK_CAPTURE_AUTORELEASING = YES;
				CLANG_WARN_BOOL_CONVERSION = YES;
				CLANG_WARN_COMMA = YES;
				CLANG_WARN_CONSTANT_CONVERSION = YES;
				CLANG_WARN_DEPRECATED_OBJC_IMPLEMENTATIONS = YES;
				CLANG_WARN_DIRECT_OBJC_ISA_USAGE = YES_ERROR;
				CLANG_WARN_DOCUMENTATION_COMMENTS = YES;
				CLANG_WARN_EMPTY_BODY = YES;
				CLANG_WARN_ENUM_CONVERSION = YES;
				CLANG_WARN_INFINITE_RECURSION = YES;
				CLANG_WARN_INT_CONVERSION = YES;
				CLANG_WARN_NON_LITERAL_NULL_CONVERSION = YES;
				CLANG_WARN_OBJC_IMPLICIT_RETAIN_SELF = YES;
				CLANG_WARN_OBJC_LITERAL_CONVERSION = YES;
				CLANG_WARN_OBJC_ROOT_CLASS = YES_ERROR;
				CLANG_WARN_QUOTED_INCLUDE_IN_FRAMEWORK_HEADER = YES;
				CLANG_WARN_RANGE_LOOP_ANALYSIS = YES;
				CLANG_WARN_STRICT_PROTOTYPES = YES;
				CLANG_WARN_SUSPICIOUS_MOVE = YES;
				CLANG_WARN_UNGUARDED_AVAILABILITY = YES_AGGRESSIVE;
				CLANG_WARN_UNREACHABLE_CODE = YES;
				CLANG_WARN__DUPLICATE_METHOD_MATCH = YES;
				COPY_PHASE_STRIP = NO;
				DEBUG_INFORMATION_FORMAT = "dwarf-with-dsym";
				ENABLE_NS_ASSERTIONS = NO;
				ENABLE_STRICT_OBJC_MSGSEND = YES;
				GCC_C_LANGUAGE_STANDARD = gnu11;
				GCC_NO_COMMON_BLOCKS = YES;
				GCC_WARN_64_TO_32_BIT_CONVERSION = YES;
				GCC_WARN_ABOUT_RETURN_TYPE = YES_ERROR;
				GCC_WARN_UNDECLARED_SELECTOR = YES;
				GCC_WARN_UNINITIALIZED_AUTOS = YES_AGGRESSIVE;
				GCC_WARN_UNUSED_FUNCTION = YES;
				GCC_WARN_UNUSED_VARIABLE = YES;
				IPHONEOS_DEPLOYMENT_TARGET = 15.2;
				MTL_ENABLE_DEBUG_INFO = NO;
				MTL_FAST_MATH = YES;
				SDKROOT = iphoneos;
				SWIFT_COMPILATION_MODE = wholemodule;
				SWIFT_OPTIMIZATION_LEVEL = "-O";
				VALIDATE_PRODUCT = YES;
			};
			name = Release;
		};
		958ED60927F710E2003B3A4F /* Debug */ = {
			isa = XCBuildConfiguration;
			buildSettings = {
				ASSETCATALOG_COMPILER_APPICON_NAME = AppIcon;
				ASSETCATALOG_COMPILER_GLOBAL_ACCENT_COLOR_NAME = AccentColor;
				CODE_SIGN_STYLE = Automatic;
				CURRENT_PROJECT_VERSION = 1;
				DEVELOPMENT_TEAM = 9JR25TA593;
				GENERATE_INFOPLIST_FILE = YES;
				INFOPLIST_FILE = spaceXapp/Info.plist;
				INFOPLIST_KEY_UIApplicationSupportsIndirectInputEvents = YES;
				INFOPLIST_KEY_UILaunchStoryboardName = LaunchScreen;
				INFOPLIST_KEY_UISupportedInterfaceOrientations_iPad = "UIInterfaceOrientationPortrait UIInterfaceOrientationPortraitUpsideDown UIInterfaceOrientationLandscapeLeft UIInterfaceOrientationLandscapeRight";
				INFOPLIST_KEY_UISupportedInterfaceOrientations_iPhone = "UIInterfaceOrientationPortrait UIInterfaceOrientationLandscapeLeft UIInterfaceOrientationLandscapeRight";
				IPHONEOS_DEPLOYMENT_TARGET = 15.0;
				LD_RUNPATH_SEARCH_PATHS = (
					"$(inherited)",
					"@executable_path/Frameworks",
				);
				MARKETING_VERSION = 1.0;
				PRODUCT_BUNDLE_IDENTIFIER = com.vsratieApps.spaceXapp;
				PRODUCT_NAME = "$(TARGET_NAME)";
				SWIFT_EMIT_LOC_STRINGS = YES;
				SWIFT_VERSION = 5.0;
				TARGETED_DEVICE_FAMILY = "1,2";
			};
			name = Debug;
		};
		958ED60A27F710E2003B3A4F /* Release */ = {
			isa = XCBuildConfiguration;
			buildSettings = {
				ASSETCATALOG_COMPILER_APPICON_NAME = AppIcon;
				ASSETCATALOG_COMPILER_GLOBAL_ACCENT_COLOR_NAME = AccentColor;
				CODE_SIGN_STYLE = Automatic;
				CURRENT_PROJECT_VERSION = 1;
				DEVELOPMENT_TEAM = 9JR25TA593;
				GENERATE_INFOPLIST_FILE = YES;
				INFOPLIST_FILE = spaceXapp/Info.plist;
				INFOPLIST_KEY_UIApplicationSupportsIndirectInputEvents = YES;
				INFOPLIST_KEY_UILaunchStoryboardName = LaunchScreen;
				INFOPLIST_KEY_UISupportedInterfaceOrientations_iPad = "UIInterfaceOrientationPortrait UIInterfaceOrientationPortraitUpsideDown UIInterfaceOrientationLandscapeLeft UIInterfaceOrientationLandscapeRight";
				INFOPLIST_KEY_UISupportedInterfaceOrientations_iPhone = "UIInterfaceOrientationPortrait UIInterfaceOrientationLandscapeLeft UIInterfaceOrientationLandscapeRight";
				IPHONEOS_DEPLOYMENT_TARGET = 15.0;
				LD_RUNPATH_SEARCH_PATHS = (
					"$(inherited)",
					"@executable_path/Frameworks",
				);
				MARKETING_VERSION = 1.0;
				PRODUCT_BUNDLE_IDENTIFIER = com.vsratieApps.spaceXapp;
				PRODUCT_NAME = "$(TARGET_NAME)";
				SWIFT_EMIT_LOC_STRINGS = YES;
				SWIFT_VERSION = 5.0;
				TARGETED_DEVICE_FAMILY = "1,2";
			};
			name = Release;
		};
/* End XCBuildConfiguration section */

/* Begin XCConfigurationList section */
		958ED5EF27F710E1003B3A4F /* Build configuration list for PBXProject "spaceXapp" */ = {
			isa = XCConfigurationList;
			buildConfigurations = (
				958ED60627F710E2003B3A4F /* Debug */,
				958ED60727F710E2003B3A4F /* Release */,
			);
			defaultConfigurationIsVisible = 0;
			defaultConfigurationName = Release;
		};
		958ED60827F710E2003B3A4F /* Build configuration list for PBXNativeTarget "spaceXapp" */ = {
			isa = XCConfigurationList;
			buildConfigurations = (
				958ED60927F710E2003B3A4F /* Debug */,
				958ED60A27F710E2003B3A4F /* Release */,
			);
			defaultConfigurationIsVisible = 0;
			defaultConfigurationName = Release;
		};
/* End XCConfigurationList section */
	};
	rootObject = 958ED5EC27F710E1003B3A4F /* Project object */;
}
